PODS:
  - Alamofire (5.5.0)
  - Kingfisher (7.1.2)

DEPENDENCIES:
  - Alamofire (~> 5.4)
  - Kingfisher (~> 7.1)

SPEC REPOS:
  trunk:
    - Alamofire
    - Kingfisher

SPEC CHECKSUMS:
  Alamofire: 1c4fb5369c3fe93d2857c780d8bbe09f06f97e7c
  Kingfisher: 44ed6a8504763f27bab46163adfac83f5deb240c

PODFILE CHECKSUM: 4a525b0230acc520ab4998dbd923f1c2c2de71c6

COCOAPODS: 1.11.3
