// !$*UTF8*$!
{
	archiveVersion = 1;
	classes = {
	};
	objectVersion = 55;
	objects = {

/* Begin PBXBuildFile section */
		1239D72A402CE63CBE312D24 /* Pods_MyFirstTestProject.framework in Frameworks */ = {isa = PBXBuildFile; fileRef = B42BADDF5471467ADCE5A9B9 /* Pods_MyFirstTestProject.framework */; };
		518A594828C3AC7200074682 /* AppDelegate.swift in Sources */ = {isa = PBXBuildFile; fileRef = 518A594728C3AC7200074682 /* AppDelegate.swift */; };
		518A595228C3AC7200074682 /* MyFirstTestProject.xcdatamodeld in Sources */ = {isa = PBXBuildFile; fileRef = 518A595028C3AC7200074682 /* MyFirstTestProject.xcdatamodeld */; };
		518A595428C3AC7400074682 /* Assets.xcassets in Resources */ = {isa = PBXBuildFile; fileRef = 518A595328C3AC7400074682 /* Assets.xcassets */; };
		518A595728C3AC7400074682 /* LaunchScreen.storyboard in Resources */ = {isa = PBXBuildFile; fileRef = 518A595528C3AC7400074682 /* LaunchScreen.storyboard */; };
		518A596228C3AF5A00074682 /* FlowViewController.swift in Sources */ = {isa = PBXBuildFile; fileRef = 518A596128C3AF5A00074682 /* FlowViewController.swift */; };
		518A596528C3B55400074682 /* UIViewController+Child.swift in Sources */ = {isa = PBXBuildFile; fileRef = 518A596428C3B55400074682 /* UIViewController+Child.swift */; };
		518A596A28C483B100074682 /* EmailedNewsViewController.swift in Sources */ = {isa = PBXBuildFile; fileRef = 518A596828C483B100074682 /* EmailedNewsViewController.swift */; };
		518A596B28C483B100074682 /* EmailedNewsViewController.xib in Resources */ = {isa = PBXBuildFile; fileRef = 518A596928C483B100074682 /* EmailedNewsViewController.xib */; };
		518A596D28C483D500074682 /* EmailedNewsPresenter.swift in Sources */ = {isa = PBXBuildFile; fileRef = 518A596C28C483D500074682 /* EmailedNewsPresenter.swift */; };
		518A597028C48B0200074682 /* AppAssembler.swift in Sources */ = {isa = PBXBuildFile; fileRef = 518A596F28C48B0200074682 /* AppAssembler.swift */; };
		518A597228C4E58D00074682 /* Navigator.swift in Sources */ = {isa = PBXBuildFile; fileRef = 518A597128C4E58D00074682 /* Navigator.swift */; };
		518A597628C4E78F00074682 /* SharedNewsViewController.swift in Sources */ = {isa = PBXBuildFile; fileRef = 518A597428C4E78F00074682 /* SharedNewsViewController.swift */; };
		518A597728C4E78F00074682 /* SharedNewsViewController.xib in Resources */ = {isa = PBXBuildFile; fileRef = 518A597528C4E78F00074682 /* SharedNewsViewController.xib */; };
		518A597928C4E81400074682 /* SharedNewsPresenter.swift in Sources */ = {isa = PBXBuildFile; fileRef = 518A597828C4E81400074682 /* SharedNewsPresenter.swift */; };
		518A597D28C4EDA200074682 /* ViewedNewsViewController.swift in Sources */ = {isa = PBXBuildFile; fileRef = 518A597B28C4EDA200074682 /* ViewedNewsViewController.swift */; };
		518A597E28C4EDA200074682 /* ViewedNewsViewController.xib in Resources */ = {isa = PBXBuildFile; fileRef = 518A597C28C4EDA200074682 /* ViewedNewsViewController.xib */; };
		518A598028C4EDBB00074682 /* ViewedNewsPresenter.swift in Sources */ = {isa = PBXBuildFile; fileRef = 518A597F28C4EDBB00074682 /* ViewedNewsPresenter.swift */; };
		518A598428C4F1D000074682 /* FavoritesNewsViewController.swift in Sources */ = {isa = PBXBuildFile; fileRef = 518A598228C4F1D000074682 /* FavoritesNewsViewController.swift */; };
		518A598528C4F1D000074682 /* FavoritesNewsViewController.xib in Resources */ = {isa = PBXBuildFile; fileRef = 518A598328C4F1D000074682 /* FavoritesNewsViewController.xib */; };
		518A598728C4F1E800074682 /* FavoritesNewsPresenter.swift in Sources */ = {isa = PBXBuildFile; fileRef = 518A598628C4F1E800074682 /* FavoritesNewsPresenter.swift */; };
		518A598B28C5017E00074682 /* DetailedInfoViewController.swift in Sources */ = {isa = PBXBuildFile; fileRef = 518A598928C5017E00074682 /* DetailedInfoViewController.swift */; };
		518A598C28C5017E00074682 /* DetailedInfoViewController.xib in Resources */ = {isa = PBXBuildFile; fileRef = 518A598A28C5017E00074682 /* DetailedInfoViewController.xib */; };
		518A598E28C501A100074682 /* DetailedInfoPresenter.swift in Sources */ = {isa = PBXBuildFile; fileRef = 518A598D28C501A100074682 /* DetailedInfoPresenter.swift */; };
		518A599428C607C200074682 /* NewsCell.swift in Sources */ = {isa = PBXBuildFile; fileRef = 518A599228C607C200074682 /* NewsCell.swift */; };
		518A599528C607C200074682 /* NewsCell.xib in Resources */ = {isa = PBXBuildFile; fileRef = 518A599328C607C200074682 /* NewsCell.xib */; };
		518A599828C60B3300074682 /* News.swift in Sources */ = {isa = PBXBuildFile; fileRef = 518A599728C60B3300074682 /* News.swift */; };
		518A599D28C6118D00074682 /* AlamofireNetwork.swift in Sources */ = {isa = PBXBuildFile; fileRef = 518A599C28C6118D00074682 /* AlamofireNetwork.swift */; };
		518A599F28C6119C00074682 /* API.swift in Sources */ = {isa = PBXBuildFile; fileRef = 518A599E28C6119C00074682 /* API.swift */; };
		518A59A128C76B6C00074682 /* UIView+ActivityIndicator.swift in Sources */ = {isa = PBXBuildFile; fileRef = 518A59A028C76B6C00074682 /* UIView+ActivityIndicator.swift */; };
		51B5C50C28C9359700BF3985 /* FavoritesNewsCell.swift in Sources */ = {isa = PBXBuildFile; fileRef = 51B5C50A28C9359700BF3985 /* FavoritesNewsCell.swift */; };
		51B5C50D28C9359700BF3985 /* FavoritesNewsCell.xib in Resources */ = {isa = PBXBuildFile; fileRef = 51B5C50B28C9359700BF3985 /* FavoritesNewsCell.xib */; };
		51B5C51028C93EEC00BF3985 /* CoreDataManager.swift in Sources */ = {isa = PBXBuildFile; fileRef = 51B5C50F28C93EEC00BF3985 /* CoreDataManager.swift */; };
		841C0E5A28CA647500209775 /* UINavigationBarAppearance.swift in Sources */ = {isa = PBXBuildFile; fileRef = 841C0E5928CA647500209775 /* UINavigationBarAppearance.swift */; };
		841C0E5C28CA689B00209775 /* Closure.swift in Sources */ = {isa = PBXBuildFile; fileRef = 841C0E5B28CA689B00209775 /* Closure.swift */; };
		84B5824E28CB47CB00D6445C /* NewsEntity+CoreDataClass.swift in Sources */ = {isa = PBXBuildFile; fileRef = 84B5824C28CB47CB00D6445C /* NewsEntity+CoreDataClass.swift */; };
		84B5824F28CB47CB00D6445C /* NewsEntity+CoreDataProperties.swift in Sources */ = {isa = PBXBuildFile; fileRef = 84B5824D28CB47CB00D6445C /* NewsEntity+CoreDataProperties.swift */; };
/* End PBXBuildFile section */

/* Begin PBXFileReference section */
		372584BB03E99AD7E3FCDCA0 /* Pods-MyFirstTestProject.debug.xcconfig */ = {isa = PBXFileReference; includeInIndex = 1; lastKnownFileType = text.xcconfig; name = "Pods-MyFirstTestProject.debug.xcconfig"; path = "Target Support Files/Pods-MyFirstTestProject/Pods-MyFirstTestProject.debug.xcconfig"; sourceTree = "<group>"; };
		518A594428C3AC7200074682 /* MyFirstTestProject.app */ = {isa = PBXFileReference; explicitFileType = wrapper.application; includeInIndex = 0; path = MyFirstTestProject.app; sourceTree = BUILT_PRODUCTS_DIR; };
		518A594728C3AC7200074682 /* AppDelegate.swift */ = {isa = PBXFileReference; lastKnownFileType = sourcecode.swift; path = AppDelegate.swift; sourceTree = "<group>"; };
		518A595128C3AC7200074682 /* MyFirstTestProject.xcdatamodel */ = {isa = PBXFileReference; lastKnownFileType = wrapper.xcdatamodel; path = MyFirstTestProject.xcdatamodel; sourceTree = "<group>"; };
		518A595328C3AC7400074682 /* Assets.xcassets */ = {isa = PBXFileReference; lastKnownFileType = folder.assetcatalog; path = Assets.xcassets; sourceTree = "<group>"; };
		518A595628C3AC7400074682 /* Base */ = {isa = PBXFileReference; lastKnownFileType = file.storyboard; name = Base; path = Base.lproj/LaunchScreen.storyboard; sourceTree = "<group>"; };
		518A595828C3AC7400074682 /* Info.plist */ = {isa = PBXFileReference; lastKnownFileType = text.plist.xml; path = Info.plist; sourceTree = "<group>"; };
		518A596128C3AF5A00074682 /* FlowViewController.swift */ = {isa = PBXFileReference; lastKnownFileType = sourcecode.swift; path = FlowViewController.swift; sourceTree = "<group>"; };
		518A596428C3B55400074682 /* UIViewController+Child.swift */ = {isa = PBXFileReference; lastKnownFileType = sourcecode.swift; path = "UIViewController+Child.swift"; sourceTree = "<group>"; };
		518A596828C483B100074682 /* EmailedNewsViewController.swift */ = {isa = PBXFileReference; lastKnownFileType = sourcecode.swift; path = EmailedNewsViewController.swift; sourceTree = "<group>"; };
		518A596928C483B100074682 /* EmailedNewsViewController.xib */ = {isa = PBXFileReference; lastKnownFileType = file.xib; path = EmailedNewsViewController.xib; sourceTree = "<group>"; };
		518A596C28C483D500074682 /* EmailedNewsPresenter.swift */ = {isa = PBXFileReference; lastKnownFileType = sourcecode.swift; path = EmailedNewsPresenter.swift; sourceTree = "<group>"; };
		518A596F28C48B0200074682 /* AppAssembler.swift */ = {isa = PBXFileReference; lastKnownFileType = sourcecode.swift; path = AppAssembler.swift; sourceTree = "<group>"; };
		518A597128C4E58D00074682 /* Navigator.swift */ = {isa = PBXFileReference; lastKnownFileType = sourcecode.swift; path = Navigator.swift; sourceTree = "<group>"; };
		518A597428C4E78F00074682 /* SharedNewsViewController.swift */ = {isa = PBXFileReference; lastKnownFileType = sourcecode.swift; path = SharedNewsViewController.swift; sourceTree = "<group>"; };
		518A597528C4E78F00074682 /* SharedNewsViewController.xib */ = {isa = PBXFileReference; lastKnownFileType = file.xib; path = SharedNewsViewController.xib; sourceTree = "<group>"; };
		518A597828C4E81400074682 /* SharedNewsPresenter.swift */ = {isa = PBXFileReference; lastKnownFileType = sourcecode.swift; path = SharedNewsPresenter.swift; sourceTree = "<group>"; };
		518A597B28C4EDA200074682 /* ViewedNewsViewController.swift */ = {isa = PBXFileReference; lastKnownFileType = sourcecode.swift; path = ViewedNewsViewController.swift; sourceTree = "<group>"; };
		518A597C28C4EDA200074682 /* ViewedNewsViewController.xib */ = {isa = PBXFileReference; lastKnownFileType = file.xib; path = ViewedNewsViewController.xib; sourceTree = "<group>"; };
		518A597F28C4EDBB00074682 /* ViewedNewsPresenter.swift */ = {isa = PBXFileReference; lastKnownFileType = sourcecode.swift; path = ViewedNewsPresenter.swift; sourceTree = "<group>"; };
		518A598228C4F1D000074682 /* FavoritesNewsViewController.swift */ = {isa = PBXFileReference; lastKnownFileType = sourcecode.swift; path = FavoritesNewsViewController.swift; sourceTree = "<group>"; };
		518A598328C4F1D000074682 /* FavoritesNewsViewController.xib */ = {isa = PBXFileReference; lastKnownFileType = file.xib; path = FavoritesNewsViewController.xib; sourceTree = "<group>"; };
		518A598628C4F1E800074682 /* FavoritesNewsPresenter.swift */ = {isa = PBXFileReference; lastKnownFileType = sourcecode.swift; path = FavoritesNewsPresenter.swift; sourceTree = "<group>"; };
		518A598928C5017E00074682 /* DetailedInfoViewController.swift */ = {isa = PBXFileReference; lastKnownFileType = sourcecode.swift; path = DetailedInfoViewController.swift; sourceTree = "<group>"; };
		518A598A28C5017E00074682 /* DetailedInfoViewController.xib */ = {isa = PBXFileReference; lastKnownFileType = file.xib; path = DetailedInfoViewController.xib; sourceTree = "<group>"; };
		518A598D28C501A100074682 /* DetailedInfoPresenter.swift */ = {isa = PBXFileReference; lastKnownFileType = sourcecode.swift; path = DetailedInfoPresenter.swift; sourceTree = "<group>"; };
		518A599228C607C200074682 /* NewsCell.swift */ = {isa = PBXFileReference; lastKnownFileType = sourcecode.swift; path = NewsCell.swift; sourceTree = "<group>"; };
		518A599328C607C200074682 /* NewsCell.xib */ = {isa = PBXFileReference; lastKnownFileType = file.xib; path = NewsCell.xib; sourceTree = "<group>"; };
		518A599728C60B3300074682 /* News.swift */ = {isa = PBXFileReference; lastKnownFileType = sourcecode.swift; path = News.swift; sourceTree = "<group>"; };
		518A599C28C6118D00074682 /* AlamofireNetwork.swift */ = {isa = PBXFileReference; lastKnownFileType = sourcecode.swift; path = AlamofireNetwork.swift; sourceTree = "<group>"; };
		518A599E28C6119C00074682 /* API.swift */ = {isa = PBXFileReference; lastKnownFileType = sourcecode.swift; path = API.swift; sourceTree = "<group>"; };
		518A59A028C76B6C00074682 /* UIView+ActivityIndicator.swift */ = {isa = PBXFileReference; lastKnownFileType = sourcecode.swift; path = "UIView+ActivityIndicator.swift"; sourceTree = "<group>"; };
		51B5C50A28C9359700BF3985 /* FavoritesNewsCell.swift */ = {isa = PBXFileReference; lastKnownFileType = sourcecode.swift; path = FavoritesNewsCell.swift; sourceTree = "<group>"; };
		51B5C50B28C9359700BF3985 /* FavoritesNewsCell.xib */ = {isa = PBXFileReference; lastKnownFileType = file.xib; path = FavoritesNewsCell.xib; sourceTree = "<group>"; };
		51B5C50F28C93EEC00BF3985 /* CoreDataManager.swift */ = {isa = PBXFileReference; lastKnownFileType = sourcecode.swift; path = CoreDataManager.swift; sourceTree = "<group>"; };
		841C0E5928CA647500209775 /* UINavigationBarAppearance.swift */ = {isa = PBXFileReference; lastKnownFileType = sourcecode.swift; path = UINavigationBarAppearance.swift; sourceTree = "<group>"; };
		841C0E5B28CA689B00209775 /* Closure.swift */ = {isa = PBXFileReference; lastKnownFileType = sourcecode.swift; path = Closure.swift; sourceTree = "<group>"; };
		84B5824C28CB47CB00D6445C /* NewsEntity+CoreDataClass.swift */ = {isa = PBXFileReference; fileEncoding = 4; lastKnownFileType = sourcecode.swift; path = "NewsEntity+CoreDataClass.swift"; sourceTree = "<group>"; };
		84B5824D28CB47CB00D6445C /* NewsEntity+CoreDataProperties.swift */ = {isa = PBXFileReference; fileEncoding = 4; lastKnownFileType = sourcecode.swift; path = "NewsEntity+CoreDataProperties.swift"; sourceTree = "<group>"; };
		B42BADDF5471467ADCE5A9B9 /* Pods_MyFirstTestProject.framework */ = {isa = PBXFileReference; explicitFileType = wrapper.framework; includeInIndex = 0; path = Pods_MyFirstTestProject.framework; sourceTree = BUILT_PRODUCTS_DIR; };
		DC8A23A56A7D2D5594D1DC4D /* Pods-MyFirstTestProject.release.xcconfig */ = {isa = PBXFileReference; includeInIndex = 1; lastKnownFileType = text.xcconfig; name = "Pods-MyFirstTestProject.release.xcconfig"; path = "Target Support Files/Pods-MyFirstTestProject/Pods-MyFirstTestProject.release.xcconfig"; sourceTree = "<group>"; };
/* End PBXFileReference section */

/* Begin PBXFrameworksBuildPhase section */
		518A594128C3AC7200074682 /* Frameworks */ = {
			isa = PBXFrameworksBuildPhase;
			buildActionMask = 2147483647;
			files = (
				1239D72A402CE63CBE312D24 /* Pods_MyFirstTestProject.framework in Frameworks */,
			);
			runOnlyForDeploymentPostprocessing = 0;
		};
/* End PBXFrameworksBuildPhase section */

/* Begin PBXGroup section */
		1B68FC3E60A4390EBE289582 /* Frameworks */ = {
			isa = PBXGroup;
			children = (
				B42BADDF5471467ADCE5A9B9 /* Pods_MyFirstTestProject.framework */,
			);
			name = Frameworks;
			sourceTree = "<group>";
		};
		518A593B28C3AC7200074682 = {
			isa = PBXGroup;
			children = (
				518A594628C3AC7200074682 /* MyFirstTestProject */,
				518A594528C3AC7200074682 /* Products */,
				8536E6DCB8F628CD1CDDE345 /* Pods */,
				1B68FC3E60A4390EBE289582 /* Frameworks */,
			);
			sourceTree = "<group>";
		};
		518A594528C3AC7200074682 /* Products */ = {
			isa = PBXGroup;
			children = (
				518A594428C3AC7200074682 /* MyFirstTestProject.app */,
			);
			name = Products;
			sourceTree = "<group>";
		};
		518A594628C3AC7200074682 /* MyFirstTestProject */ = {
			isa = PBXGroup;
			children = (
				51B5C50E28C93ED400BF3985 /* Managers */,
				518A599B28C6117300074682 /* Networking */,
				518A599628C60B2300074682 /* Models */,
				518A596628C4837300074682 /* Screens */,
				518A596028C3AF1500074682 /* Navigation */,
				518A596328C3B52400074682 /* Extensions */,
				84B5824B28CB476700D6445C /* CoreData */,
				518A595F28C3AD1F00074682 /* SystemFiles */,
				518A595E28C3AD0C00074682 /* Helpers */,
			);
			path = MyFirstTestProject;
			sourceTree = "<group>";
		};
		518A595E28C3AD0C00074682 /* Helpers */ = {
			isa = PBXGroup;
			children = (
				518A595328C3AC7400074682 /* Assets.xcassets */,
				518A595528C3AC7400074682 /* LaunchScreen.storyboard */,
			);
			path = Helpers;
			sourceTree = "<group>";
		};
		518A595F28C3AD1F00074682 /* SystemFiles */ = {
			isa = PBXGroup;
			children = (
				518A594728C3AC7200074682 /* AppDelegate.swift */,
				518A595828C3AC7400074682 /* Info.plist */,
			);
			path = SystemFiles;
			sourceTree = "<group>";
		};
		518A596028C3AF1500074682 /* Navigation */ = {
			isa = PBXGroup;
			children = (
				518A597128C4E58D00074682 /* Navigator.swift */,
				518A596F28C48B0200074682 /* AppAssembler.swift */,
				518A596128C3AF5A00074682 /* FlowViewController.swift */,
			);
			path = Navigation;
			sourceTree = "<group>";
		};
		518A596328C3B52400074682 /* Extensions */ = {
			isa = PBXGroup;
			children = (
				518A596428C3B55400074682 /* UIViewController+Child.swift */,
				518A59A028C76B6C00074682 /* UIView+ActivityIndicator.swift */,
				841C0E5928CA647500209775 /* UINavigationBarAppearance.swift */,
				841C0E5B28CA689B00209775 /* Closure.swift */,
			);
			path = Extensions;
			sourceTree = "<group>";
		};
		518A596628C4837300074682 /* Screens */ = {
			isa = PBXGroup;
			children = (
				518A599128C6079500074682 /* Cells */,
				518A596728C4837D00074682 /* EmailedNewsScreen */,
				518A597328C4E75400074682 /* SharedNewsScreen */,
				518A597A28C4ED5600074682 /* ViewedNewsScreen */,
				518A598128C4F17E00074682 /* FavoritesNewsScreen */,
				518A598828C5012D00074682 /* DetailedInfoScreen */,
			);
			path = Screens;
			sourceTree = "<group>";
		};
		518A596728C4837D00074682 /* EmailedNewsScreen */ = {
			isa = PBXGroup;
			children = (
				518A596828C483B100074682 /* EmailedNewsViewController.swift */,
				518A596928C483B100074682 /* EmailedNewsViewController.xib */,
				518A596C28C483D500074682 /* EmailedNewsPresenter.swift */,
			);
			path = EmailedNewsScreen;
			sourceTree = "<group>";
		};
		518A597328C4E75400074682 /* SharedNewsScreen */ = {
			isa = PBXGroup;
			children = (
				518A597428C4E78F00074682 /* SharedNewsViewController.swift */,
				518A597528C4E78F00074682 /* SharedNewsViewController.xib */,
				518A597828C4E81400074682 /* SharedNewsPresenter.swift */,
			);
			path = SharedNewsScreen;
			sourceTree = "<group>";
		};
		518A597A28C4ED5600074682 /* ViewedNewsScreen */ = {
			isa = PBXGroup;
			children = (
				518A597B28C4EDA200074682 /* ViewedNewsViewController.swift */,
				518A597C28C4EDA200074682 /* ViewedNewsViewController.xib */,
				518A597F28C4EDBB00074682 /* ViewedNewsPresenter.swift */,
			);
			path = ViewedNewsScreen;
			sourceTree = "<group>";
		};
		518A598128C4F17E00074682 /* FavoritesNewsScreen */ = {
			isa = PBXGroup;
			children = (
				518A598228C4F1D000074682 /* FavoritesNewsViewController.swift */,
				518A598328C4F1D000074682 /* FavoritesNewsViewController.xib */,
				518A598628C4F1E800074682 /* FavoritesNewsPresenter.swift */,
			);
			path = FavoritesNewsScreen;
			sourceTree = "<group>";
		};
		518A598828C5012D00074682 /* DetailedInfoScreen */ = {
			isa = PBXGroup;
			children = (
				518A598928C5017E00074682 /* DetailedInfoViewController.swift */,
				518A598A28C5017E00074682 /* DetailedInfoViewController.xib */,
				518A598D28C501A100074682 /* DetailedInfoPresenter.swift */,
			);
			path = DetailedInfoScreen;
			sourceTree = "<group>";
		};
		518A599128C6079500074682 /* Cells */ = {
			isa = PBXGroup;
			children = (
				51B5C50928C9355700BF3985 /* NewsCell */,
				51B5C50828C9352E00BF3985 /* FavoritesNewsCell */,
			);
			path = Cells;
			sourceTree = "<group>";
		};
		518A599628C60B2300074682 /* Models */ = {
			isa = PBXGroup;
			children = (
				518A599728C60B3300074682 /* News.swift */,
			);
			path = Models;
			sourceTree = "<group>";
		};
		518A599B28C6117300074682 /* Networking */ = {
			isa = PBXGroup;
			children = (
				518A599C28C6118D00074682 /* AlamofireNetwork.swift */,
				518A599E28C6119C00074682 /* API.swift */,
			);
			path = Networking;
			sourceTree = "<group>";
		};
		51B5C50828C9352E00BF3985 /* FavoritesNewsCell */ = {
			isa = PBXGroup;
			children = (
				51B5C50A28C9359700BF3985 /* FavoritesNewsCell.swift */,
				51B5C50B28C9359700BF3985 /* FavoritesNewsCell.xib */,
			);
			path = FavoritesNewsCell;
			sourceTree = "<group>";
		};
		51B5C50928C9355700BF3985 /* NewsCell */ = {
			isa = PBXGroup;
			children = (
				518A599228C607C200074682 /* NewsCell.swift */,
				518A599328C607C200074682 /* NewsCell.xib */,
			);
			path = NewsCell;
			sourceTree = "<group>";
		};
		51B5C50E28C93ED400BF3985 /* Managers */ = {
			isa = PBXGroup;
			children = (
				51B5C50F28C93EEC00BF3985 /* CoreDataManager.swift */,
			);
			path = Managers;
			sourceTree = "<group>";
		};
		84B5824B28CB476700D6445C /* CoreData */ = {
			isa = PBXGroup;
			children = (
				84B5824C28CB47CB00D6445C /* NewsEntity+CoreDataClass.swift */,
				84B5824D28CB47CB00D6445C /* NewsEntity+CoreDataProperties.swift */,
				518A595028C3AC7200074682 /* MyFirstTestProject.xcdatamodeld */,
			);
			path = CoreData;
			sourceTree = "<group>";
		};
		8536E6DCB8F628CD1CDDE345 /* Pods */ = {
			isa = PBXGroup;
			children = (
				372584BB03E99AD7E3FCDCA0 /* Pods-MyFirstTestProject.debug.xcconfig */,
				DC8A23A56A7D2D5594D1DC4D /* Pods-MyFirstTestProject.release.xcconfig */,
			);
			path = Pods;
			sourceTree = "<group>";
		};
/* End PBXGroup section */

/* Begin PBXNativeTarget section */
		518A594328C3AC7200074682 /* MyFirstTestProject */ = {
			isa = PBXNativeTarget;
			buildConfigurationList = 518A595B28C3AC7400074682 /* Build configuration list for PBXNativeTarget "MyFirstTestProject" */;
			buildPhases = (
				139846EE0BE4BC5809487C71 /* [CP] Check Pods Manifest.lock */,
				518A594028C3AC7200074682 /* Sources */,
				518A594128C3AC7200074682 /* Frameworks */,
				518A594228C3AC7200074682 /* Resources */,
				06A602541172C5C55A84404A /* [CP] Embed Pods Frameworks */,
			);
			buildRules = (
			);
			dependencies = (
			);
			name = MyFirstTestProject;
			productName = MyFirstTestProject;
			productReference = 518A594428C3AC7200074682 /* MyFirstTestProject.app */;
			productType = "com.apple.product-type.application";
		};
/* End PBXNativeTarget section */

/* Begin PBXProject section */
		518A593C28C3AC7200074682 /* Project object */ = {
			isa = PBXProject;
			attributes = {
				BuildIndependentTargetsInParallel = 1;
				LastSwiftUpdateCheck = 1340;
				LastUpgradeCheck = 1340;
				TargetAttributes = {
					518A594328C3AC7200074682 = {
						CreatedOnToolsVersion = 13.4.1;
					};
				};
			};
			buildConfigurationList = 518A593F28C3AC7200074682 /* Build configuration list for PBXProject "MyFirstTestProject" */;
			compatibilityVersion = "Xcode 13.0";
			developmentRegion = en;
			hasScannedForEncodings = 0;
			knownRegions = (
				en,
				Base,
			);
			mainGroup = 518A593B28C3AC7200074682;
			productRefGroup = 518A594528C3AC7200074682 /* Products */;
			projectDirPath = "";
			projectRoot = "";
			targets = (
				518A594328C3AC7200074682 /* MyFirstTestProject */,
			);
		};
/* End PBXProject section */

/* Begin PBXResourcesBuildPhase section */
		518A594228C3AC7200074682 /* Resources */ = {
			isa = PBXResourcesBuildPhase;
			buildActionMask = 2147483647;
			files = (
				518A597728C4E78F00074682 /* SharedNewsViewController.xib in Resources */,
				518A598528C4F1D000074682 /* FavoritesNewsViewController.xib in Resources */,
				518A599528C607C200074682 /* NewsCell.xib in Resources */,
				518A598C28C5017E00074682 /* DetailedInfoViewController.xib in Resources */,
				518A596B28C483B100074682 /* EmailedNewsViewController.xib in Resources */,
				518A595728C3AC7400074682 /* LaunchScreen.storyboard in Resources */,
				51B5C50D28C9359700BF3985 /* FavoritesNewsCell.xib in Resources */,
				518A595428C3AC7400074682 /* Assets.xcassets in Resources */,
				518A597E28C4EDA200074682 /* ViewedNewsViewController.xib in Resources */,
			);
			runOnlyForDeploymentPostprocessing = 0;
		};
/* End PBXResourcesBuildPhase section */

/* Begin PBXShellScriptBuildPhase section */
		06A602541172C5C55A84404A /* [CP] Embed Pods Frameworks */ = {
			isa = PBXShellScriptBuildPhase;
			buildActionMask = 2147483647;
			files = (
			);
			inputFileListPaths = (
				"${PODS_ROOT}/Target Support Files/Pods-MyFirstTestProject/Pods-MyFirstTestProject-frameworks-${CONFIGURATION}-input-files.xcfilelist",
			);
			name = "[CP] Embed Pods Frameworks";
			outputFileListPaths = (
				"${PODS_ROOT}/Target Support Files/Pods-MyFirstTestProject/Pods-MyFirstTestProject-frameworks-${CONFIGURATION}-output-files.xcfilelist",
			);
			runOnlyForDeploymentPostprocessing = 0;
			shellPath = /bin/sh;
			shellScript = "\"${PODS_ROOT}/Target Support Files/Pods-MyFirstTestProject/Pods-MyFirstTestProject-frameworks.sh\"\n";
			showEnvVarsInLog = 0;
		};
		139846EE0BE4BC5809487C71 /* [CP] Check Pods Manifest.lock */ = {
			isa = PBXShellScriptBuildPhase;
			buildActionMask = 2147483647;
			files = (
			);
			inputFileListPaths = (
			);
			inputPaths = (
				"${PODS_PODFILE_DIR_PATH}/Podfile.lock",
				"${PODS_ROOT}/Manifest.lock",
			);
			name = "[CP] Check Pods Manifest.lock";
			outputFileListPaths = (
			);
			outputPaths = (
				"$(DERIVED_FILE_DIR)/Pods-MyFirstTestProject-checkManifestLockResult.txt",
			);
			runOnlyForDeploymentPostprocessing = 0;
			shellPath = /bin/sh;
			shellScript = "diff \"${PODS_PODFILE_DIR_PATH}/Podfile.lock\" \"${PODS_ROOT}/Manifest.lock\" > /dev/null\nif [ $? != 0 ] ; then\n    # print error to STDERR\n    echo \"error: The sandbox is not in sync with the Podfile.lock. Run 'pod install' or update your CocoaPods installation.\" >&2\n    exit 1\nfi\n# This output is used by Xcode 'outputs' to avoid re-running this script phase.\necho \"SUCCESS\" > \"${SCRIPT_OUTPUT_FILE_0}\"\n";
			showEnvVarsInLog = 0;
		};
/* End PBXShellScriptBuildPhase section */

/* Begin PBXSourcesBuildPhase section */
		518A594028C3AC7200074682 /* Sources */ = {
			isa = PBXSourcesBuildPhase;
			buildActionMask = 2147483647;
			files = (
				518A598428C4F1D000074682 /* FavoritesNewsViewController.swift in Sources */,
				518A596528C3B55400074682 /* UIViewController+Child.swift in Sources */,
				518A595228C3AC7200074682 /* MyFirstTestProject.xcdatamodeld in Sources */,
				518A594828C3AC7200074682 /* AppDelegate.swift in Sources */,
				518A597628C4E78F00074682 /* SharedNewsViewController.swift in Sources */,
				841C0E5C28CA689B00209775 /* Closure.swift in Sources */,
				841C0E5A28CA647500209775 /* UINavigationBarAppearance.swift in Sources */,
				518A598B28C5017E00074682 /* DetailedInfoViewController.swift in Sources */,
				84B5824E28CB47CB00D6445C /* NewsEntity+CoreDataClass.swift in Sources */,
				51B5C51028C93EEC00BF3985 /* CoreDataManager.swift in Sources */,
				518A598E28C501A100074682 /* DetailedInfoPresenter.swift in Sources */,
				518A597D28C4EDA200074682 /* ViewedNewsViewController.swift in Sources */,
				518A598028C4EDBB00074682 /* ViewedNewsPresenter.swift in Sources */,
				518A598728C4F1E800074682 /* FavoritesNewsPresenter.swift in Sources */,
				518A597028C48B0200074682 /* AppAssembler.swift in Sources */,
				84B5824F28CB47CB00D6445C /* NewsEntity+CoreDataProperties.swift in Sources */,
				518A596A28C483B100074682 /* EmailedNewsViewController.swift in Sources */,
				518A599828C60B3300074682 /* News.swift in Sources */,
				518A59A128C76B6C00074682 /* UIView+ActivityIndicator.swift in Sources */,
				518A599F28C6119C00074682 /* API.swift in Sources */,
				518A597228C4E58D00074682 /* Navigator.swift in Sources */,
				518A599428C607C200074682 /* NewsCell.swift in Sources */,
				518A596228C3AF5A00074682 /* FlowViewController.swift in Sources */,
				518A597928C4E81400074682 /* SharedNewsPresenter.swift in Sources */,
				51B5C50C28C9359700BF3985 /* FavoritesNewsCell.swift in Sources */,
				518A599D28C6118D00074682 /* AlamofireNetwork.swift in Sources */,
				518A596D28C483D500074682 /* EmailedNewsPresenter.swift in Sources */,
			);
			runOnlyForDeploymentPostprocessing = 0;
		};
/* End PBXSourcesBuildPhase section */

/* Begin PBXVariantGroup section */
		518A595528C3AC7400074682 /* LaunchScreen.storyboard */ = {
			isa = PBXVariantGroup;
			children = (
				518A595628C3AC7400074682 /* Base */,
			);
			name = LaunchScreen.storyboard;
			sourceTree = "<group>";
		};
/* End PBXVariantGroup section */

/* Begin XCBuildConfiguration section */
		518A595928C3AC7400074682 /* Debug */ = {
			isa = XCBuildConfiguration;
			buildSettings = {
				ALWAYS_SEARCH_USER_PATHS = NO;
				CLANG_ANALYZER_NONNULL = YES;
				CLANG_ANALYZER_NUMBER_OBJECT_CONVERSION = YES_AGGRESSIVE;
				CLANG_CXX_LANGUAGE_STANDARD = "gnu++17";
				CLANG_ENABLE_MODULES = YES;
				CLANG_ENABLE_OBJC_ARC = YES;
				CLANG_ENABLE_OBJC_WEAK = YES;
				CLANG_WARN_BLOCK_CAPTURE_AUTORELEASING = YES;
				CLANG_WARN_BOOL_CONVERSION = YES;
				CLANG_WARN_COMMA = YES;
				CLANG_WARN_CONSTANT_CONVERSION = YES;
				CLANG_WARN_DEPRECATED_OBJC_IMPLEMENTATIONS = YES;
				CLANG_WARN_DIRECT_OBJC_ISA_USAGE = YES_ERROR;
				CLANG_WARN_DOCUMENTATION_COMMENTS = YES;
				CLANG_WARN_EMPTY_BODY = YES;
				CLANG_WARN_ENUM_CONVERSION = YES;
				CLANG_WARN_INFINITE_RECURSION = YES;
				CLANG_WARN_INT_CONVERSION = YES;
				CLANG_WARN_NON_LITERAL_NULL_CONVERSION = YES;
				CLANG_WARN_OBJC_IMPLICIT_RETAIN_SELF = YES;
				CLANG_WARN_OBJC_LITERAL_CONVERSION = YES;
				CLANG_WARN_OBJC_ROOT_CLASS = YES_ERROR;
				CLANG_WARN_QUOTED_INCLUDE_IN_FRAMEWORK_HEADER = YES;
				CLANG_WARN_RANGE_LOOP_ANALYSIS = YES;
				CLANG_WARN_STRICT_PROTOTYPES = YES;
				CLANG_WARN_SUSPICIOUS_MOVE = YES;
				CLANG_WARN_UNGUARDED_AVAILABILITY = YES_AGGRESSIVE;
				CLANG_WARN_UNREACHABLE_CODE = YES;
				CLANG_WARN__DUPLICATE_METHOD_MATCH = YES;
				COPY_PHASE_STRIP = NO;
				DEBUG_INFORMATION_FORMAT = dwarf;
				ENABLE_STRICT_OBJC_MSGSEND = YES;
				ENABLE_TESTABILITY = YES;
				GCC_C_LANGUAGE_STANDARD = gnu11;
				GCC_DYNAMIC_NO_PIC = NO;
				GCC_NO_COMMON_BLOCKS = YES;
				GCC_OPTIMIZATION_LEVEL = 0;
				GCC_PREPROCESSOR_DEFINITIONS = (
					"DEBUG=1",
					"$(inherited)",
				);
				GCC_WARN_64_TO_32_BIT_CONVERSION = YES;
				GCC_WARN_ABOUT_RETURN_TYPE = YES_ERROR;
				GCC_WARN_UNDECLARED_SELECTOR = YES;
				GCC_WARN_UNINITIALIZED_AUTOS = YES_AGGRESSIVE;
				GCC_WARN_UNUSED_FUNCTION = YES;
				GCC_WARN_UNUSED_VARIABLE = YES;
				IPHONEOS_DEPLOYMENT_TARGET = 15.5;
				MTL_ENABLE_DEBUG_INFO = INCLUDE_SOURCE;
				MTL_FAST_MATH = YES;
				ONLY_ACTIVE_ARCH = YES;
				SDKROOT = iphoneos;
				SWIFT_ACTIVE_COMPILATION_CONDITIONS = DEBUG;
				SWIFT_OPTIMIZATION_LEVEL = "-Onone";
			};
			name = Debug;
		};
		518A595A28C3AC7400074682 /* Release */ = {
			isa = XCBuildConfiguration;
			buildSettings = {
				ALWAYS_SEARCH_USER_PATHS = NO;
				CLANG_ANALYZER_NONNULL = YES;
				CLANG_ANALYZER_NUMBER_OBJECT_CONVERSION = YES_AGGRESSIVE;
				CLANG_CXX_LANGUAGE_STANDARD = "gnu++17";
				CLANG_ENABLE_MODULES = YES;
				CLANG_ENABLE_OBJC_ARC = YES;
				CLANG_ENABLE_OBJC_WEAK = YES;
				CLANG_WARN_BLOCK_CAPTURE_AUTORELEASING = YES;
				CLANG_WARN_BOOL_CONVERSION = YES;
				CLANG_WARN_COMMA = YES;
				CLANG_WARN_CONSTANT_CONVERSION = YES;
				CLANG_WARN_DEPRECATED_OBJC_IMPLEMENTATIONS = YES;
				CLANG_WARN_DIRECT_OBJC_ISA_USAGE = YES_ERROR;
				CLANG_WARN_DOCUMENTATION_COMMENTS = YES;
				CLANG_WARN_EMPTY_BODY = YES;
				CLANG_WARN_ENUM_CONVERSION = YES;
				CLANG_WARN_INFINITE_RECURSION = YES;
				CLANG_WARN_INT_CONVERSION = YES;
				CLANG_WARN_NON_LITERAL_NULL_CONVERSION = YES;
				CLANG_WARN_OBJC_IMPLICIT_RETAIN_SELF = YES;
				CLANG_WARN_OBJC_LITERAL_CONVERSION = YES;
				CLANG_WARN_OBJC_ROOT_CLASS = YES_ERROR;
				CLANG_WARN_QUOTED_INCLUDE_IN_FRAMEWORK_HEADER = YES;
				CLANG_WARN_RANGE_LOOP_ANALYSIS = YES;
				CLANG_WARN_STRICT_PROTOTYPES = YES;
				CLANG_WARN_SUSPICIOUS_MOVE = YES;
				CLANG_WARN_UNGUARDED_AVAILABILITY = YES_AGGRESSIVE;
				CLANG_WARN_UNREACHABLE_CODE = YES;
				CLANG_WARN__DUPLICATE_METHOD_MATCH = YES;
				COPY_PHASE_STRIP = NO;
				DEBUG_INFORMATION_FORMAT = "dwarf-with-dsym";
				ENABLE_NS_ASSERTIONS = NO;
				ENABLE_STRICT_OBJC_MSGSEND = YES;
				GCC_C_LANGUAGE_STANDARD = gnu11;
				GCC_NO_COMMON_BLOCKS = YES;
				GCC_WARN_64_TO_32_BIT_CONVERSION = YES;
				GCC_WARN_ABOUT_RETURN_TYPE = YES_ERROR;
				GCC_WARN_UNDECLARED_SELECTOR = YES;
				GCC_WARN_UNINITIALIZED_AUTOS = YES_AGGRESSIVE;
				GCC_WARN_UNUSED_FUNCTION = YES;
				GCC_WARN_UNUSED_VARIABLE = YES;
				IPHONEOS_DEPLOYMENT_TARGET = 15.5;
				MTL_ENABLE_DEBUG_INFO = NO;
				MTL_FAST_MATH = YES;
				SDKROOT = iphoneos;
				SWIFT_COMPILATION_MODE = wholemodule;
				SWIFT_OPTIMIZATION_LEVEL = "-O";
				VALIDATE_PRODUCT = YES;
			};
			name = Release;
		};
		518A595C28C3AC7400074682 /* Debug */ = {
			isa = XCBuildConfiguration;
			baseConfigurationReference = 372584BB03E99AD7E3FCDCA0 /* Pods-MyFirstTestProject.debug.xcconfig */;
			buildSettings = {
				ASSETCATALOG_COMPILER_APPICON_NAME = AppIcon;
				ASSETCATALOG_COMPILER_GLOBAL_ACCENT_COLOR_NAME = AccentColor;
				CODE_SIGN_STYLE = Automatic;
				CURRENT_PROJECT_VERSION = 1;
				DEVELOPMENT_TEAM = JHYJ3JUAMV;
				GENERATE_INFOPLIST_FILE = YES;
				INFOPLIST_FILE = MyFirstTestProject/SystemFiles/Info.plist;
				INFOPLIST_KEY_UIApplicationSupportsIndirectInputEvents = YES;
				INFOPLIST_KEY_UILaunchStoryboardName = LaunchScreen;
				INFOPLIST_KEY_UISupportedInterfaceOrientations_iPad = "UIInterfaceOrientationPortrait UIInterfaceOrientationPortraitUpsideDown UIInterfaceOrientationLandscapeLeft UIInterfaceOrientationLandscapeRight";
				INFOPLIST_KEY_UISupportedInterfaceOrientations_iPhone = "UIInterfaceOrientationPortrait UIInterfaceOrientationLandscapeLeft UIInterfaceOrientationLandscapeRight";
				IPHONEOS_DEPLOYMENT_TARGET = 14.0;
				LD_RUNPATH_SEARCH_PATHS = (
					"$(inherited)",
					"@executable_path/Frameworks",
				);
				MARKETING_VERSION = 1.0;
				PRODUCT_BUNDLE_IDENTIFIER = Hloba.MyFirstTestProject;
				PRODUCT_NAME = "$(TARGET_NAME)";
				SWIFT_EMIT_LOC_STRINGS = YES;
				SWIFT_VERSION = 5.0;
				TARGETED_DEVICE_FAMILY = 1;
			};
			name = Debug;
		};
		518A595D28C3AC7400074682 /* Release */ = {
			isa = XCBuildConfiguration;
			baseConfigurationReference = DC8A23A56A7D2D5594D1DC4D /* Pods-MyFirstTestProject.release.xcconfig */;
			buildSettings = {
				ASSETCATALOG_COMPILER_APPICON_NAME = AppIcon;
				ASSETCATALOG_COMPILER_GLOBAL_ACCENT_COLOR_NAME = AccentColor;
				CODE_SIGN_STYLE = Automatic;
				CURRENT_PROJECT_VERSION = 1;
				DEVELOPMENT_TEAM = JHYJ3JUAMV;
				GENERATE_INFOPLIST_FILE = YES;
				INFOPLIST_FILE = MyFirstTestProject/SystemFiles/Info.plist;
				INFOPLIST_KEY_UIApplicationSupportsIndirectInputEvents = YES;
				INFOPLIST_KEY_UILaunchStoryboardName = LaunchScreen;
				INFOPLIST_KEY_UISupportedInterfaceOrientations_iPad = "UIInterfaceOrientationPortrait UIInterfaceOrientationPortraitUpsideDown UIInterfaceOrientationLandscapeLeft UIInterfaceOrientationLandscapeRight";
				INFOPLIST_KEY_UISupportedInterfaceOrientations_iPhone = "UIInterfaceOrientationPortrait UIInterfaceOrientationLandscapeLeft UIInterfaceOrientationLandscapeRight";
				IPHONEOS_DEPLOYMENT_TARGET = 14.0;
				LD_RUNPATH_SEARCH_PATHS = (
					"$(inherited)",
					"@executable_path/Frameworks",
				);
				MARKETING_VERSION = 1.0;
				PRODUCT_BUNDLE_IDENTIFIER = Hloba.MyFirstTestProject;
				PRODUCT_NAME = "$(TARGET_NAME)";
				SWIFT_EMIT_LOC_STRINGS = YES;
				SWIFT_VERSION = 5.0;
				TARGETED_DEVICE_FAMILY = 1;
			};
			name = Release;
		};
/* End XCBuildConfiguration section */

/* Begin XCConfigurationList section */
		518A593F28C3AC7200074682 /* Build configuration list for PBXProject "MyFirstTestProject" */ = {
			isa = XCConfigurationList;
			buildConfigurations = (
				518A595928C3AC7400074682 /* Debug */,
				518A595A28C3AC7400074682 /* Release */,
			);
			defaultConfigurationIsVisible = 0;
			defaultConfigurationName = Release;
		};
		518A595B28C3AC7400074682 /* Build configuration list for PBXNativeTarget "MyFirstTestProject" */ = {
			isa = XCConfigurationList;
			buildConfigurations = (
				518A595C28C3AC7400074682 /* Debug */,
				518A595D28C3AC7400074682 /* Release */,
			);
			defaultConfigurationIsVisible = 0;
			defaultConfigurationName = Release;
		};
/* End XCConfigurationList section */

/* Begin XCVersionGroup section */
		518A595028C3AC7200074682 /* MyFirstTestProject.xcdatamodeld */ = {
			isa = XCVersionGroup;
			children = (
				518A595128C3AC7200074682 /* MyFirstTestProject.xcdatamodel */,
			);
			currentVersion = 518A595128C3AC7200074682 /* MyFirstTestProject.xcdatamodel */;
			path = MyFirstTestProject.xcdatamodeld;
			sourceTree = "<group>";
			versionGroupType = wrapper.xcdatamodel;
		};
/* End XCVersionGroup section */
	};
	rootObject = 518A593C28C3AC7200074682 /* Project object */;
}
